// !$*UTF8*$!
{
	archiveVersion = 1;
	classes = {
	};
	objectVersion = 46;
	objects = {

/* Begin PBXBuildFile section */
		094E62441CC6F6DC00BA0CAA /* AppDelegate.swift in Sources */ = {isa = PBXBuildFile; fileRef = 094E62431CC6F6DC00BA0CAA /* AppDelegate.swift */; };
		094E62461CC6F6DC00BA0CAA /* ViewController.swift in Sources */ = {isa = PBXBuildFile; fileRef = 094E62451CC6F6DC00BA0CAA /* ViewController.swift */; };
		094E62491CC6F6DC00BA0CAA /* Main.storyboard in Resources */ = {isa = PBXBuildFile; fileRef = 094E62471CC6F6DC00BA0CAA /* Main.storyboard */; };
		094E624B1CC6F6DC00BA0CAA /* Assets.xcassets in Resources */ = {isa = PBXBuildFile; fileRef = 094E624A1CC6F6DC00BA0CAA /* Assets.xcassets */; };
		094E624E1CC6F6DC00BA0CAA /* LaunchScreen.storyboard in Resources */ = {isa = PBXBuildFile; fileRef = 094E624C1CC6F6DC00BA0CAA /* LaunchScreen.storyboard */; };
		094E625E1CC71EB500BA0CAA /* MapViewController.swift in Sources */ = {isa = PBXBuildFile; fileRef = 094E625D1CC71EB500BA0CAA /* MapViewController.swift */; };
		094E62601CC720C200BA0CAA /* Locations.swift in Sources */ = {isa = PBXBuildFile; fileRef = 094E625F1CC720C200BA0CAA /* Locations.swift */; };
		094E62661CC840C600BA0CAA /* MapKit.framework in Frameworks */ = {isa = PBXBuildFile; fileRef = 094E62651CC840C600BA0CAA /* MapKit.framework */; };
		099EBD2C1CCD443900738310 /* LocationsDelegate.swift in Sources */ = {isa = PBXBuildFile; fileRef = 099EBD2B1CCD443900738310 /* LocationsDelegate.swift */; };
		099EBD2E1CCDAFFF00738310 /* AnnotationViewController.swift in Sources */ = {isa = PBXBuildFile; fileRef = 099EBD2D1CCDAFFF00738310 /* AnnotationViewController.swift */; };
/* End PBXBuildFile section */

/* Begin PBXFileReference section */
		094E62401CC6F6DC00BA0CAA /* ABoynton_CE6.app */ = {isa = PBXFileReference; explicitFileType = wrapper.application; includeInIndex = 0; path = ABoynton_CE6.app; sourceTree = BUILT_PRODUCTS_DIR; };
		094E62431CC6F6DC00BA0CAA /* AppDelegate.swift */ = {isa = PBXFileReference; lastKnownFileType = sourcecode.swift; path = AppDelegate.swift; sourceTree = "<group>"; };
		094E62451CC6F6DC00BA0CAA /* ViewController.swift */ = {isa = PBXFileReference; lastKnownFileType = sourcecode.swift; path = ViewController.swift; sourceTree = "<group>"; };
		094E62481CC6F6DC00BA0CAA /* Base */ = {isa = PBXFileReference; lastKnownFileType = file.storyboard; name = Base; path = Base.lproj/Main.storyboard; sourceTree = "<group>"; };
		094E624A1CC6F6DC00BA0CAA /* Assets.xcassets */ = {isa = PBXFileReference; lastKnownFileType = folder.assetcatalog; path = Assets.xcassets; sourceTree = "<group>"; };
		094E624D1CC6F6DC00BA0CAA /* Base */ = {isa = PBXFileReference; lastKnownFileType = file.storyboard; name = Base; path = Base.lproj/LaunchScreen.storyboard; sourceTree = "<group>"; };
		094E624F1CC6F6DC00BA0CAA /* Info.plist */ = {isa = PBXFileReference; lastKnownFileType = text.plist.xml; path = Info.plist; sourceTree = "<group>"; };
		094E625D1CC71EB500BA0CAA /* MapViewController.swift */ = {isa = PBXFileReference; fileEncoding = 4; lastKnownFileType = sourcecode.swift; path = MapViewController.swift; sourceTree = "<group>"; };
		094E625F1CC720C200BA0CAA /* Locations.swift */ = {isa = PBXFileReference; fileEncoding = 4; lastKnownFileType = sourcecode.swift; path = Locations.swift; sourceTree = "<group>"; };
		094E62651CC840C600BA0CAA /* MapKit.framework */ = {isa = PBXFileReference; lastKnownFileType = wrapper.framework; name = MapKit.framework; path = System/Library/Frameworks/MapKit.framework; sourceTree = SDKROOT; };
		099EBD2B1CCD443900738310 /* LocationsDelegate.swift */ = {isa = PBXFileReference; fileEncoding = 4; lastKnownFileType = sourcecode.swift; path = LocationsDelegate.swift; sourceTree = "<group>"; };
		099EBD2D1CCDAFFF00738310 /* AnnotationViewController.swift */ = {isa = PBXFileReference; fileEncoding = 4; lastKnownFileType = sourcecode.swift; path = AnnotationViewController.swift; sourceTree = "<group>"; };
/* End PBXFileReference section */

/* Begin PBXFrameworksBuildPhase section */
		094E623D1CC6F6DC00BA0CAA /* Frameworks */ = {
			isa = PBXFrameworksBuildPhase;
			buildActionMask = 2147483647;
			files = (
				094E62661CC840C600BA0CAA /* MapKit.framework in Frameworks */,
			);
			runOnlyForDeploymentPostprocessing = 0;
		};
/* End PBXFrameworksBuildPhase section */

/* Begin PBXGroup section */
		094E62371CC6F6DC00BA0CAA = {
			isa = PBXGroup;
			children = (
				094E62621CC8408600BA0CAA /* Frameworks */,
				094E62421CC6F6DC00BA0CAA /* ABoynton_CE6 */,
				094E62411CC6F6DC00BA0CAA /* Products */,
			);
			sourceTree = "<group>";
		};
		094E62411CC6F6DC00BA0CAA /* Products */ = {
			isa = PBXGroup;
			children = (
				094E62401CC6F6DC00BA0CAA /* ABoynton_CE6.app */,
			);
			name = Products;
			sourceTree = "<group>";
		};
		094E62421CC6F6DC00BA0CAA /* ABoynton_CE6 */ = {
			isa = PBXGroup;
			children = (
				094E62591CC6F73900BA0CAA /* App */,
				094E625A1CC6F74900BA0CAA /* Resources */,
				094E62571CC6F71A00BA0CAA /* Storyboards */,
				094E62611CC720D000BA0CAA /* Protocols */,
				094E62581CC6F72500BA0CAA /* VeiwControllers */,
			);
			path = ABoynton_CE6;
			sourceTree = "<group>";
		};
		094E62571CC6F71A00BA0CAA /* Storyboards */ = {
			isa = PBXGroup;
			children = (
				094E624C1CC6F6DC00BA0CAA /* LaunchScreen.storyboard */,
				094E62471CC6F6DC00BA0CAA /* Main.storyboard */,
			);
			name = Storyboards;
			sourceTree = "<group>";
		};
		094E62581CC6F72500BA0CAA /* VeiwControllers */ = {
			isa = PBXGroup;
			children = (
				099EBD2D1CCDAFFF00738310 /* AnnotationViewController.swift */,
				094E62451CC6F6DC00BA0CAA /* ViewController.swift */,
				094E625D1CC71EB500BA0CAA /* MapViewController.swift */,
			);
			name = VeiwControllers;
			sourceTree = "<group>";
		};
		094E62591CC6F73900BA0CAA /* App */ = {
			isa = PBXGroup;
			children = (
				094E62431CC6F6DC00BA0CAA /* AppDelegate.swift */,
			);
			name = App;
			sourceTree = "<group>";
		};
		094E625A1CC6F74900BA0CAA /* Resources */ = {
			isa = PBXGroup;
			children = (
				094E624A1CC6F6DC00BA0CAA /* Assets.xcassets */,
				094E624F1CC6F6DC00BA0CAA /* Info.plist */,
			);
			name = Resources;
			sourceTree = "<group>";
		};
		094E62611CC720D000BA0CAA /* Protocols */ = {
			isa = PBXGroup;
			children = (
				099EBD2B1CCD443900738310 /* LocationsDelegate.swift */,
				094E625F1CC720C200BA0CAA /* Locations.swift */,
			);
			name = Protocols;
			path = ..;
			sourceTree = "<group>";
		};
		094E62621CC8408600BA0CAA /* Frameworks */ = {
			isa = PBXGroup;
			children = (
				094E62651CC840C600BA0CAA /* MapKit.framework */,
			);
			name = Frameworks;
			sourceTree = "<group>";
		};
/* End PBXGroup section */

/* Begin PBXNativeTarget section */
		094E623F1CC6F6DC00BA0CAA /* ABoynton_CE6 */ = {
			isa = PBXNativeTarget;
			buildConfigurationList = 094E62521CC6F6DC00BA0CAA /* Build configuration list for PBXNativeTarget "ABoynton_CE6" */;
			buildPhases = (
				094E623C1CC6F6DC00BA0CAA /* Sources */,
				094E623D1CC6F6DC00BA0CAA /* Frameworks */,
				094E623E1CC6F6DC00BA0CAA /* Resources */,
			);
			buildRules = (
			);
			dependencies = (
			);
			name = ABoynton_CE6;
			productName = ABoynton_CE6;
			productReference = 094E62401CC6F6DC00BA0CAA /* ABoynton_CE6.app */;
			productType = "com.apple.product-type.application";
		};
/* End PBXNativeTarget section */

/* Begin PBXProject section */
		094E62381CC6F6DC00BA0CAA /* Project object */ = {
			isa = PBXProject;
			attributes = {
				LastSwiftUpdateCheck = 0730;
				LastUpgradeCheck = 0730;
				ORGANIZATIONNAME = "Full Sail";
				TargetAttributes = {
					094E623F1CC6F6DC00BA0CAA = {
						CreatedOnToolsVersion = 7.3;
						DevelopmentTeam = 979TTQWNS8;
						SystemCapabilities = {
							com.apple.Maps.iOS = {
								enabled = 1;
							};
						};
					};
				};
			};
			buildConfigurationList = 094E623B1CC6F6DC00BA0CAA /* Build configuration list for PBXProject "ABoynton_CE6" */;
			compatibilityVersion = "Xcode 3.2";
			developmentRegion = English;
			hasScannedForEncodings = 0;
			knownRegions = (
				en,
				Base,
			);
			mainGroup = 094E62371CC6F6DC00BA0CAA;
			productRefGroup = 094E62411CC6F6DC00BA0CAA /* Products */;
			projectDirPath = "";
			projectRoot = "";
			targets = (
				094E623F1CC6F6DC00BA0CAA /* ABoynton_CE6 */,
			);
		};
/* End PBXProject section */

/* Begin PBXResourcesBuildPhase section */
		094E623E1CC6F6DC00BA0CAA /* Resources */ = {
			isa = PBXResourcesBuildPhase;
			buildActionMask = 2147483647;
			files = (
				094E624E1CC6F6DC00BA0CAA /* LaunchScreen.storyboard in Resources */,
				094E624B1CC6F6DC00BA0CAA /* Assets.xcassets in Resources */,
				094E62491CC6F6DC00BA0CAA /* Main.storyboard in Resources */,
			);
			runOnlyForDeploymentPostprocessing = 0;
		};
/* End PBXResourcesBuildPhase section */

/* Begin PBXSourcesBuildPhase section */
		094E623C1CC6F6DC00BA0CAA /* Sources */ = {
			isa = PBXSourcesBuildPhase;
			buildActionMask = 2147483647;
			files = (
				094E62461CC6F6DC00BA0CAA /* ViewController.swift in Sources */,
				099EBD2C1CCD443900738310 /* LocationsDelegate.swift in Sources */,
				094E625E1CC71EB500BA0CAA /* MapViewController.swift in Sources */,
				099EBD2E1CCDAFFF00738310 /* AnnotationViewController.swift in Sources */,
				094E62601CC720C200BA0CAA /* Locations.swift in Sources */,
				094E62441CC6F6DC00BA0CAA /* AppDelegate.swift in Sources */,
			);
			runOnlyForDeploymentPostprocessing = 0;
		};
/* End PBXSourcesBuildPhase section */

/* Begin PBXVariantGroup section */
		094E62471CC6F6DC00BA0CAA /* Main.storyboard */ = {
			isa = PBXVariantGroup;
			children = (
				094E62481CC6F6DC00BA0CAA /* Base */,
			);
			name = Main.storyboard;
			sourceTree = "<group>";
		};
		094E624C1CC6F6DC00BA0CAA /* LaunchScreen.storyboard */ = {
			isa = PBXVariantGroup;
			children = (
				094E624D1CC6F6DC00BA0CAA /* Base */,
			);
			name = LaunchScreen.storyboard;
			sourceTree = "<group>";
		};
/* End PBXVariantGroup section */

/* Begin XCBuildConfiguration section */
		094E62501CC6F6DC00BA0CAA /* Debug */ = {
			isa = XCBuildConfiguration;
			buildSettings = {
				ALWAYS_SEARCH_USER_PATHS = NO;
				CLANG_ANALYZER_NONNULL = YES;
				CLANG_CXX_LANGUAGE_STANDARD = "gnu++0x";
				CLANG_CXX_LIBRARY = "libc++";
				CLANG_ENABLE_MODULES = YES;
				CLANG_ENABLE_OBJC_ARC = YES;
				CLANG_WARN_BOOL_CONVERSION = YES;
				CLANG_WARN_CONSTANT_CONVERSION = YES;
				CLANG_WARN_DIRECT_OBJC_ISA_USAGE = YES_ERROR;
				CLANG_WARN_EMPTY_BODY = YES;
				CLANG_WARN_ENUM_CONVERSION = YES;
				CLANG_WARN_INT_CONVERSION = YES;
				CLANG_WARN_OBJC_ROOT_CLASS = YES_ERROR;
				CLANG_WARN_UNREACHABLE_CODE = YES;
				CLANG_WARN__DUPLICATE_METHOD_MATCH = YES;
				"CODE_SIGN_IDENTITY[sdk=iphoneos*]" = "iPhone Developer";
				COPY_PHASE_STRIP = NO;
				DEBUG_INFORMATION_FORMAT = dwarf;
				ENABLE_STRICT_OBJC_MSGSEND = YES;
				ENABLE_TESTABILITY = YES;
				GCC_C_LANGUAGE_STANDARD = gnu99;
				GCC_DYNAMIC_NO_PIC = NO;
				GCC_NO_COMMON_BLOCKS = YES;
				GCC_OPTIMIZATION_LEVEL = 0;
				GCC_PREPROCESSOR_DEFINITIONS = (
					"DEBUG=1",
					"$(inherited)",
				);
				GCC_WARN_64_TO_32_BIT_CONVERSION = YES;
				GCC_WARN_ABOUT_RETURN_TYPE = YES_ERROR;
				GCC_WARN_UNDECLARED_SELECTOR = YES;
				GCC_WARN_UNINITIALIZED_AUTOS = YES_AGGRESSIVE;
				GCC_WARN_UNUSED_FUNCTION = YES;
				GCC_WARN_UNUSED_VARIABLE = YES;
				IPHONEOS_DEPLOYMENT_TARGET = 9.3;
				MTL_ENABLE_DEBUG_INFO = YES;
				ONLY_ACTIVE_ARCH = YES;
				SDKROOT = iphoneos;
				SWIFT_OPTIMIZATION_LEVEL = "-Onone";
			};
			name = Debug;
		};
		094E62511CC6F6DC00BA0CAA /* Release */ = {
			isa = XCBuildConfiguration;
			buildSettings = {
				ALWAYS_SEARCH_USER_PATHS = NO;
				CLANG_ANALYZER_NONNULL = YES;
				CLANG_CXX_LANGUAGE_STANDARD = "gnu++0x";
				CLANG_CXX_LIBRARY = "libc++";
				CLANG_ENABLE_MODULES = YES;
				CLANG_ENABLE_OBJC_ARC = YES;
				CLANG_WARN_BOOL_CONVERSION = YES;
				CLANG_WARN_CONSTANT_CONVERSION = YES;
				CLANG_WARN_DIRECT_OBJC_ISA_USAGE = YES_ERROR;
				CLANG_WARN_EMPTY_BODY = YES;
				CLANG_WARN_ENUM_CONVERSION = YES;
				CLANG_WARN_INT_CONVERSION = YES;
				CLANG_WARN_OBJC_ROOT_CLASS = YES_ERROR;
				CLANG_WARN_UNREACHABLE_CODE = YES;
				CLANG_WARN__DUPLICATE_METHOD_MATCH = YES;
				"CODE_SIGN_IDENTITY[sdk=iphoneos*]" = "iPhone Developer";
				COPY_PHASE_STRIP = NO;
				DEBUG_INFORMATION_FORMAT = "dwarf-with-dsym";
				ENABLE_NS_ASSERTIONS = NO;
				ENABLE_STRICT_OBJC_MSGSEND = YES;
				GCC_C_LANGUAGE_STANDARD = gnu99;
				GCC_NO_COMMON_BLOCKS = YES;
				GCC_WARN_64_TO_32_BIT_CONVERSION = YES;
				GCC_WARN_ABOUT_RETURN_TYPE = YES_ERROR;
				GCC_WARN_UNDECLARED_SELECTOR = YES;
				GCC_WARN_UNINITIALIZED_AUTOS = YES_AGGRESSIVE;
				GCC_WARN_UNUSED_FUNCTION = YES;
				GCC_WARN_UNUSED_VARIABLE = YES;
				IPHONEOS_DEPLOYMENT_TARGET = 9.3;
				MTL_ENABLE_DEBUG_INFO = NO;
				SDKROOT = iphoneos;
				VALIDATE_PRODUCT = YES;
			};
			name = Release;
		};
		094E62531CC6F6DC00BA0CAA /* Debug */ = {
			isa = XCBuildConfiguration;
			buildSettings = {
				ASSETCATALOG_COMPILER_APPICON_NAME = AppIcon;
				INFOPLIST_FILE = ABoynton_CE6/Info.plist;
				LD_RUNPATH_SEARCH_PATHS = "$(inherited) @executable_path/Frameworks";
				PRODUCT_BUNDLE_IDENTIFIER = "edu.fullsail.ABoynton-CE6";
				PRODUCT_NAME = "$(TARGET_NAME)";
			};
			name = Debug;
		};
		094E62541CC6F6DC00BA0CAA /* Release */ = {
			isa = XCBuildConfiguration;
			buildSettings = {
				ASSETCATALOG_COMPILER_APPICON_NAME = AppIcon;
				INFOPLIST_FILE = ABoynton_CE6/Info.plist;
				LD_RUNPATH_SEARCH_PATHS = "$(inherited) @executable_path/Frameworks";
				PRODUCT_BUNDLE_IDENTIFIER = "edu.fullsail.ABoynton-CE6";
				PRODUCT_NAME = "$(TARGET_NAME)";
			};
			name = Release;
		};
/* End XCBuildConfiguration section */

/* Begin XCConfigurationList section */
		094E623B1CC6F6DC00BA0CAA /* Build configuration list for PBXProject "ABoynton_CE6" */ = {
			isa = XCConfigurationList;
			buildConfigurations = (
				094E62501CC6F6DC00BA0CAA /* Debug */,
				094E62511CC6F6DC00BA0CAA /* Release */,
			);
			defaultConfigurationIsVisible = 0;
			defaultConfigurationName = Release;
		};
		094E62521CC6F6DC00BA0CAA /* Build configuration list for PBXNativeTarget "ABoynton_CE6" */ = {
			isa = XCConfigurationList;
			buildConfigurations = (
				094E62531CC6F6DC00BA0CAA /* Debug */,
				094E62541CC6F6DC00BA0CAA /* Release */,
			);
			defaultConfigurationIsVisible = 0;
			defaultConfigurationName = Release;
		};
/* End XCConfigurationList section */
	};
	rootObject = 094E62381CC6F6DC00BA0CAA /* Project object */;
}
