// !$*UTF8*$!
{
	archiveVersion = 1;
	classes = {
	};
	objectVersion = 46;
	objects = {

/* Begin PBXBuildFile section */
		099EBD3C1CCDCD9300738310 /* AppDelegate.swift in Sources */ = {isa = PBXBuildFile; fileRef = 099EBD3B1CCDCD9300738310 /* AppDelegate.swift */; };
		099EBD3E1CCDCD9300738310 /* ViewController.swift in Sources */ = {isa = PBXBuildFile; fileRef = 099EBD3D1CCDCD9300738310 /* ViewController.swift */; };
		099EBD411CCDCD9300738310 /* Main.storyboard in Resources */ = {isa = PBXBuildFile; fileRef = 099EBD3F1CCDCD9300738310 /* Main.storyboard */; };
		099EBD431CCDCD9300738310 /* Assets.xcassets in Resources */ = {isa = PBXBuildFile; fileRef = 099EBD421CCDCD9300738310 /* Assets.xcassets */; };
		099EBD461CCDCD9300738310 /* LaunchScreen.storyboard in Resources */ = {isa = PBXBuildFile; fileRef = 099EBD441CCDCD9300738310 /* LaunchScreen.storyboard */; };
		099F1F6B1CD00C860088427A /* EventKit.framework in Frameworks */ = {isa = PBXBuildFile; fileRef = 099F1F6A1CD00C860088427A /* EventKit.framework */; };
/* End PBXBuildFile section */

/* Begin PBXFileReference section */
		099EBD381CCDCD9300738310 /* ABoynton_CE7.app */ = {isa = PBXFileReference; explicitFileType = wrapper.application; includeInIndex = 0; path = ABoynton_CE7.app; sourceTree = BUILT_PRODUCTS_DIR; };
		099EBD3B1CCDCD9300738310 /* AppDelegate.swift */ = {isa = PBXFileReference; lastKnownFileType = sourcecode.swift; path = AppDelegate.swift; sourceTree = "<group>"; };
		099EBD3D1CCDCD9300738310 /* ViewController.swift */ = {isa = PBXFileReference; lastKnownFileType = sourcecode.swift; path = ViewController.swift; sourceTree = "<group>"; };
		099EBD401CCDCD9300738310 /* Base */ = {isa = PBXFileReference; lastKnownFileType = file.storyboard; name = Base; path = Base.lproj/Main.storyboard; sourceTree = "<group>"; };
		099EBD421CCDCD9300738310 /* Assets.xcassets */ = {isa = PBXFileReference; lastKnownFileType = folder.assetcatalog; path = Assets.xcassets; sourceTree = "<group>"; };
		099EBD451CCDCD9300738310 /* Base */ = {isa = PBXFileReference; lastKnownFileType = file.storyboard; name = Base; path = Base.lproj/LaunchScreen.storyboard; sourceTree = "<group>"; };
		099EBD471CCDCD9300738310 /* Info.plist */ = {isa = PBXFileReference; lastKnownFileType = text.plist.xml; path = Info.plist; sourceTree = "<group>"; };
		099F1F6A1CD00C860088427A /* EventKit.framework */ = {isa = PBXFileReference; lastKnownFileType = wrapper.framework; name = EventKit.framework; path = System/Library/Frameworks/EventKit.framework; sourceTree = SDKROOT; };
/* End PBXFileReference section */

/* Begin PBXFrameworksBuildPhase section */
		099EBD351CCDCD9300738310 /* Frameworks */ = {
			isa = PBXFrameworksBuildPhase;
			buildActionMask = 2147483647;
			files = (
				099F1F6B1CD00C860088427A /* EventKit.framework in Frameworks */,
			);
			runOnlyForDeploymentPostprocessing = 0;
		};
/* End PBXFrameworksBuildPhase section */

/* Begin PBXGroup section */
		099EBD2F1CCDCD9300738310 = {
			isa = PBXGroup;
			children = (
				099F1F691CD00C6B0088427A /* Frameworks */,
				099EBD3A1CCDCD9300738310 /* ABoynton_CE7 */,
				099EBD391CCDCD9300738310 /* Products */,
			);
			sourceTree = "<group>";
		};
		099EBD391CCDCD9300738310 /* Products */ = {
			isa = PBXGroup;
			children = (
				099EBD381CCDCD9300738310 /* ABoynton_CE7.app */,
			);
			name = Products;
			sourceTree = "<group>";
		};
		099EBD3A1CCDCD9300738310 /* ABoynton_CE7 */ = {
			isa = PBXGroup;
			children = (
				099EBD6C1CCE655E00738310 /* App */,
				099EBD6E1CCE657900738310 /* Resources */,
				099EBD6F1CCE65A700738310 /* Protocols */,
				099EBD6D1CCE656A00738310 /* Storyboards */,
				099EBD6B1CCE654F00738310 /* ViewControllers */,
			);
			path = ABoynton_CE7;
			sourceTree = "<group>";
		};
		099EBD6B1CCE654F00738310 /* ViewControllers */ = {
			isa = PBXGroup;
			children = (
				099EBD3D1CCDCD9300738310 /* ViewController.swift */,
			);
			name = ViewControllers;
			sourceTree = "<group>";
		};
		099EBD6C1CCE655E00738310 /* App */ = {
			isa = PBXGroup;
			children = (
				099EBD3B1CCDCD9300738310 /* AppDelegate.swift */,
			);
			name = App;
			sourceTree = "<group>";
		};
		099EBD6D1CCE656A00738310 /* Storyboards */ = {
			isa = PBXGroup;
			children = (
				099EBD441CCDCD9300738310 /* LaunchScreen.storyboard */,
				099EBD3F1CCDCD9300738310 /* Main.storyboard */,
			);
			name = Storyboards;
			sourceTree = "<group>";
		};
		099EBD6E1CCE657900738310 /* Resources */ = {
			isa = PBXGroup;
			children = (
				099EBD421CCDCD9300738310 /* Assets.xcassets */,
				099EBD471CCDCD9300738310 /* Info.plist */,
			);
			name = Resources;
			sourceTree = "<group>";
		};
		099EBD6F1CCE65A700738310 /* Protocols */ = {
			isa = PBXGroup;
			children = (
			);
			name = Protocols;
			sourceTree = "<group>";
		};
		099F1F691CD00C6B0088427A /* Frameworks */ = {
			isa = PBXGroup;
			children = (
				099F1F6A1CD00C860088427A /* EventKit.framework */,
			);
			name = Frameworks;
			sourceTree = "<group>";
		};
/* End PBXGroup section */

/* Begin PBXNativeTarget section */
		099EBD371CCDCD9300738310 /* ABoynton_CE7 */ = {
			isa = PBXNativeTarget;
			buildConfigurationList = 099EBD4A1CCDCD9300738310 /* Build configuration list for PBXNativeTarget "ABoynton_CE7" */;
			buildPhases = (
				099EBD341CCDCD9300738310 /* Sources */,
				099EBD351CCDCD9300738310 /* Frameworks */,
				099EBD361CCDCD9300738310 /* Resources */,
			);
			buildRules = (
			);
			dependencies = (
			);
			name = ABoynton_CE7;
			productName = ABoynton_CE7;
			productReference = 099EBD381CCDCD9300738310 /* ABoynton_CE7.app */;
			productType = "com.apple.product-type.application";
		};
/* End PBXNativeTarget section */

/* Begin PBXProject section */
		099EBD301CCDCD9300738310 /* Project object */ = {
			isa = PBXProject;
			attributes = {
				LastSwiftUpdateCheck = 0730;
				LastUpgradeCheck = 0730;
				ORGANIZATIONNAME = "Full Sail";
				TargetAttributes = {
					099EBD371CCDCD9300738310 = {
						CreatedOnToolsVersion = 7.3;
						DevelopmentTeam = 979TTQWNS8;
					};
				};
			};
			buildConfigurationList = 099EBD331CCDCD9300738310 /* Build configuration list for PBXProject "ABoynton_CE7" */;
			compatibilityVersion = "Xcode 3.2";
			developmentRegion = English;
			hasScannedForEncodings = 0;
			knownRegions = (
				en,
				Base,
			);
			mainGroup = 099EBD2F1CCDCD9300738310;
			productRefGroup = 099EBD391CCDCD9300738310 /* Products */;
			projectDirPath = "";
			projectRoot = "";
			targets = (
				099EBD371CCDCD9300738310 /* ABoynton_CE7 */,
			);
		};
/* End PBXProject section */

/* Begin PBXResourcesBuildPhase section */
		099EBD361CCDCD9300738310 /* Resources */ = {
			isa = PBXResourcesBuildPhase;
			buildActionMask = 2147483647;
			files = (
				099EBD461CCDCD9300738310 /* LaunchScreen.storyboard in Resources */,
				099EBD431CCDCD9300738310 /* Assets.xcassets in Resources */,
				099EBD411CCDCD9300738310 /* Main.storyboard in Resources */,
			);
			runOnlyForDeploymentPostprocessing = 0;
		};
/* End PBXResourcesBuildPhase section */

/* Begin PBXSourcesBuildPhase section */
		099EBD341CCDCD9300738310 /* Sources */ = {
			isa = PBXSourcesBuildPhase;
			buildActionMask = 2147483647;
			files = (
				099EBD3E1CCDCD9300738310 /* ViewController.swift in Sources */,
				099EBD3C1CCDCD9300738310 /* AppDelegate.swift in Sources */,
			);
			runOnlyForDeploymentPostprocessing = 0;
		};
/* End PBXSourcesBuildPhase section */

/* Begin PBXVariantGroup section */
		099EBD3F1CCDCD9300738310 /* Main.storyboard */ = {
			isa = PBXVariantGroup;
			children = (
				099EBD401CCDCD9300738310 /* Base */,
			);
			name = Main.storyboard;
			sourceTree = "<group>";
		};
		099EBD441CCDCD9300738310 /* LaunchScreen.storyboard */ = {
			isa = PBXVariantGroup;
			children = (
				099EBD451CCDCD9300738310 /* Base */,
			);
			name = LaunchScreen.storyboard;
			sourceTree = "<group>";
		};
/* End PBXVariantGroup section */

/* Begin XCBuildConfiguration section */
		099EBD481CCDCD9300738310 /* Debug */ = {
			isa = XCBuildConfiguration;
			buildSettings = {
				ALWAYS_SEARCH_USER_PATHS = NO;
				CLANG_ANALYZER_NONNULL = YES;
				CLANG_CXX_LANGUAGE_STANDARD = "gnu++0x";
				CLANG_CXX_LIBRARY = "libc++";
				CLANG_ENABLE_MODULES = YES;
				CLANG_ENABLE_OBJC_ARC = YES;
				CLANG_WARN_BOOL_CONVERSION = YES;
				CLANG_WARN_CONSTANT_CONVERSION = YES;
				CLANG_WARN_DIRECT_OBJC_ISA_USAGE = YES_ERROR;
				CLANG_WARN_EMPTY_BODY = YES;
				CLANG_WARN_ENUM_CONVERSION = YES;
				CLANG_WARN_INT_CONVERSION = YES;
				CLANG_WARN_OBJC_ROOT_CLASS = YES_ERROR;
				CLANG_WARN_UNREACHABLE_CODE = YES;
				CLANG_WARN__DUPLICATE_METHOD_MATCH = YES;
				"CODE_SIGN_IDENTITY[sdk=iphoneos*]" = "iPhone Developer";
				COPY_PHASE_STRIP = NO;
				DEBUG_INFORMATION_FORMAT = dwarf;
				ENABLE_STRICT_OBJC_MSGSEND = YES;
				ENABLE_TESTABILITY = YES;
				GCC_C_LANGUAGE_STANDARD = gnu99;
				GCC_DYNAMIC_NO_PIC = NO;
				GCC_NO_COMMON_BLOCKS = YES;
				GCC_OPTIMIZATION_LEVEL = 0;
				GCC_PREPROCESSOR_DEFINITIONS = (
					"DEBUG=1",
					"$(inherited)",
				);
				GCC_WARN_64_TO_32_BIT_CONVERSION = YES;
				GCC_WARN_ABOUT_RETURN_TYPE = YES_ERROR;
				GCC_WARN_UNDECLARED_SELECTOR = YES;
				GCC_WARN_UNINITIALIZED_AUTOS = YES_AGGRESSIVE;
				GCC_WARN_UNUSED_FUNCTION = YES;
				GCC_WARN_UNUSED_VARIABLE = YES;
				IPHONEOS_DEPLOYMENT_TARGET = 9.3;
				MTL_ENABLE_DEBUG_INFO = YES;
				ONLY_ACTIVE_ARCH = YES;
				SDKROOT = iphoneos;
				SWIFT_OPTIMIZATION_LEVEL = "-Onone";
			};
			name = Debug;
		};
		099EBD491CCDCD9300738310 /* Release */ = {
			isa = XCBuildConfiguration;
			buildSettings = {
				ALWAYS_SEARCH_USER_PATHS = NO;
				CLANG_ANALYZER_NONNULL = YES;
				CLANG_CXX_LANGUAGE_STANDARD = "gnu++0x";
				CLANG_CXX_LIBRARY = "libc++";
				CLANG_ENABLE_MODULES = YES;
				CLANG_ENABLE_OBJC_ARC = YES;
				CLANG_WARN_BOOL_CONVERSION = YES;
				CLANG_WARN_CONSTANT_CONVERSION = YES;
				CLANG_WARN_DIRECT_OBJC_ISA_USAGE = YES_ERROR;
				CLANG_WARN_EMPTY_BODY = YES;
				CLANG_WARN_ENUM_CONVERSION = YES;
				CLANG_WARN_INT_CONVERSION = YES;
				CLANG_WARN_OBJC_ROOT_CLASS = YES_ERROR;
				CLANG_WARN_UNREACHABLE_CODE = YES;
				CLANG_WARN__DUPLICATE_METHOD_MATCH = YES;
				"CODE_SIGN_IDENTITY[sdk=iphoneos*]" = "iPhone Developer";
				COPY_PHASE_STRIP = NO;
				DEBUG_INFORMATION_FORMAT = "dwarf-with-dsym";
				ENABLE_NS_ASSERTIONS = NO;
				ENABLE_STRICT_OBJC_MSGSEND = YES;
				GCC_C_LANGUAGE_STANDARD = gnu99;
				GCC_NO_COMMON_BLOCKS = YES;
				GCC_WARN_64_TO_32_BIT_CONVERSION = YES;
				GCC_WARN_ABOUT_RETURN_TYPE = YES_ERROR;
				GCC_WARN_UNDECLARED_SELECTOR = YES;
				GCC_WARN_UNINITIALIZED_AUTOS = YES_AGGRESSIVE;
				GCC_WARN_UNUSED_FUNCTION = YES;
				GCC_WARN_UNUSED_VARIABLE = YES;
				IPHONEOS_DEPLOYMENT_TARGET = 9.3;
				MTL_ENABLE_DEBUG_INFO = NO;
				SDKROOT = iphoneos;
				VALIDATE_PRODUCT = YES;
			};
			name = Release;
		};
		099EBD4B1CCDCD9300738310 /* Debug */ = {
			isa = XCBuildConfiguration;
			buildSettings = {
				ASSETCATALOG_COMPILER_APPICON_NAME = AppIcon;
				INFOPLIST_FILE = ABoynton_CE7/Info.plist;
				LD_RUNPATH_SEARCH_PATHS = "$(inherited) @executable_path/Frameworks";
				PRODUCT_BUNDLE_IDENTIFIER = "edu.fullsail.ABoynton-CE7";
				PRODUCT_NAME = "$(TARGET_NAME)";
			};
			name = Debug;
		};
		099EBD4C1CCDCD9300738310 /* Release */ = {
			isa = XCBuildConfiguration;
			buildSettings = {
				ASSETCATALOG_COMPILER_APPICON_NAME = AppIcon;
				INFOPLIST_FILE = ABoynton_CE7/Info.plist;
				LD_RUNPATH_SEARCH_PATHS = "$(inherited) @executable_path/Frameworks";
				PRODUCT_BUNDLE_IDENTIFIER = "edu.fullsail.ABoynton-CE7";
				PRODUCT_NAME = "$(TARGET_NAME)";
			};
			name = Release;
		};
/* End XCBuildConfiguration section */

/* Begin XCConfigurationList section */
		099EBD331CCDCD9300738310 /* Build configuration list for PBXProject "ABoynton_CE7" */ = {
			isa = XCConfigurationList;
			buildConfigurations = (
				099EBD481CCDCD9300738310 /* Debug */,
				099EBD491CCDCD9300738310 /* Release */,
			);
			defaultConfigurationIsVisible = 0;
			defaultConfigurationName = Release;
		};
		099EBD4A1CCDCD9300738310 /* Build configuration list for PBXNativeTarget "ABoynton_CE7" */ = {
			isa = XCConfigurationList;
			buildConfigurations = (
				099EBD4B1CCDCD9300738310 /* Debug */,
				099EBD4C1CCDCD9300738310 /* Release */,
			);
			defaultConfigurationIsVisible = 0;
			defaultConfigurationName = Release;
		};
/* End XCConfigurationList section */
	};
	rootObject = 099EBD301CCDCD9300738310 /* Project object */;
}
