// !$*UTF8*$!
{
	archiveVersion = 1;
	classes = {
	};
	objectVersion = 46;
	objects = {

/* Begin PBXBuildFile section */
		099EBD5A1CCDCDB100738310 /* AppDelegate.swift in Sources */ = {isa = PBXBuildFile; fileRef = 099EBD591CCDCDB100738310 /* AppDelegate.swift */; };
		099EBD5C1CCDCDB100738310 /* ViewController.swift in Sources */ = {isa = PBXBuildFile; fileRef = 099EBD5B1CCDCDB100738310 /* ViewController.swift */; };
		099EBD5F1CCDCDB100738310 /* Main.storyboard in Resources */ = {isa = PBXBuildFile; fileRef = 099EBD5D1CCDCDB100738310 /* Main.storyboard */; };
		099EBD611CCDCDB100738310 /* Assets.xcassets in Resources */ = {isa = PBXBuildFile; fileRef = 099EBD601CCDCDB100738310 /* Assets.xcassets */; };
		099EBD641CCDCDB100738310 /* LaunchScreen.storyboard in Resources */ = {isa = PBXBuildFile; fileRef = 099EBD621CCDCDB100738310 /* LaunchScreen.storyboard */; };
		099EBD7B1CCE7B2500738310 /* SourceViewController.swift in Sources */ = {isa = PBXBuildFile; fileRef = 099EBD7A1CCE7B2500738310 /* SourceViewController.swift */; };
		099EBD801CCEEC9100738310 /* WebKit.framework in Frameworks */ = {isa = PBXBuildFile; fileRef = 099EBD7F1CCEEC9100738310 /* WebKit.framework */; };
/* End PBXBuildFile section */

/* Begin PBXFileReference section */
		099EBD561CCDCDB100738310 /* ABoynton_CE8.app */ = {isa = PBXFileReference; explicitFileType = wrapper.application; includeInIndex = 0; path = ABoynton_CE8.app; sourceTree = BUILT_PRODUCTS_DIR; };
		099EBD591CCDCDB100738310 /* AppDelegate.swift */ = {isa = PBXFileReference; lastKnownFileType = sourcecode.swift; path = AppDelegate.swift; sourceTree = "<group>"; };
		099EBD5B1CCDCDB100738310 /* ViewController.swift */ = {isa = PBXFileReference; lastKnownFileType = sourcecode.swift; path = ViewController.swift; sourceTree = "<group>"; };
		099EBD5E1CCDCDB100738310 /* Base */ = {isa = PBXFileReference; lastKnownFileType = file.storyboard; name = Base; path = Base.lproj/Main.storyboard; sourceTree = "<group>"; };
		099EBD601CCDCDB100738310 /* Assets.xcassets */ = {isa = PBXFileReference; lastKnownFileType = folder.assetcatalog; path = Assets.xcassets; sourceTree = "<group>"; };
		099EBD631CCDCDB100738310 /* Base */ = {isa = PBXFileReference; lastKnownFileType = file.storyboard; name = Base; path = Base.lproj/LaunchScreen.storyboard; sourceTree = "<group>"; };
		099EBD651CCDCDB100738310 /* Info.plist */ = {isa = PBXFileReference; lastKnownFileType = text.plist.xml; path = Info.plist; sourceTree = "<group>"; };
		099EBD7A1CCE7B2500738310 /* SourceViewController.swift */ = {isa = PBXFileReference; fileEncoding = 4; lastKnownFileType = sourcecode.swift; path = SourceViewController.swift; sourceTree = "<group>"; };
		099EBD7F1CCEEC9100738310 /* WebKit.framework */ = {isa = PBXFileReference; lastKnownFileType = wrapper.framework; name = WebKit.framework; path = System/Library/Frameworks/WebKit.framework; sourceTree = SDKROOT; };
		099EBD831CCFCCA400738310 /* SwiftyJSON.swift */ = {isa = PBXFileReference; lastKnownFileType = sourcecode.swift; name = SwiftyJSON.swift; path = ../SwiftyJSON.swift; sourceTree = "<group>"; };
/* End PBXFileReference section */

/* Begin PBXFrameworksBuildPhase section */
		099EBD531CCDCDB100738310 /* Frameworks */ = {
			isa = PBXFrameworksBuildPhase;
			buildActionMask = 2147483647;
			files = (
				099EBD801CCEEC9100738310 /* WebKit.framework in Frameworks */,
			);
			runOnlyForDeploymentPostprocessing = 0;
		};
/* End PBXFrameworksBuildPhase section */

/* Begin PBXGroup section */
		099EBD4D1CCDCDB100738310 = {
			isa = PBXGroup;
			children = (
				099EBD7E1CCEEC7400738310 /* Frameworks */,
				099EBD581CCDCDB100738310 /* ABoynton_CE8 */,
				099EBD571CCDCDB100738310 /* Products */,
			);
			sourceTree = "<group>";
		};
		099EBD571CCDCDB100738310 /* Products */ = {
			isa = PBXGroup;
			children = (
				099EBD561CCDCDB100738310 /* ABoynton_CE8.app */,
			);
			name = Products;
			sourceTree = "<group>";
		};
		099EBD581CCDCDB100738310 /* ABoynton_CE8 */ = {
			isa = PBXGroup;
			children = (
				099EBD711CCE742700738310 /* App */,
				099EBD731CCE744C00738310 /* Resources */,
				099EBD721CCE743300738310 /* Storyboards */,
				099EBD741CCE745C00738310 /* Protocols */,
				099EBD701CCE741600738310 /* ViewControllers */,
			);
			path = ABoynton_CE8;
			sourceTree = "<group>";
		};
		099EBD701CCE741600738310 /* ViewControllers */ = {
			isa = PBXGroup;
			children = (
				099EBD7A1CCE7B2500738310 /* SourceViewController.swift */,
				099EBD5B1CCDCDB100738310 /* ViewController.swift */,
			);
			name = ViewControllers;
			sourceTree = "<group>";
		};
		099EBD711CCE742700738310 /* App */ = {
			isa = PBXGroup;
			children = (
				099EBD591CCDCDB100738310 /* AppDelegate.swift */,
			);
			name = App;
			sourceTree = "<group>";
		};
		099EBD721CCE743300738310 /* Storyboards */ = {
			isa = PBXGroup;
			children = (
				099EBD621CCDCDB100738310 /* LaunchScreen.storyboard */,
				099EBD5D1CCDCDB100738310 /* Main.storyboard */,
			);
			name = Storyboards;
			sourceTree = "<group>";
		};
		099EBD731CCE744C00738310 /* Resources */ = {
			isa = PBXGroup;
			children = (
				099EBD601CCDCDB100738310 /* Assets.xcassets */,
				099EBD651CCDCDB100738310 /* Info.plist */,
			);
			name = Resources;
			sourceTree = "<group>";
		};
		099EBD741CCE745C00738310 /* Protocols */ = {
			isa = PBXGroup;
			children = (
				099EBD831CCFCCA400738310 /* SwiftyJSON.swift */,
			);
			name = Protocols;
			sourceTree = "<group>";
		};
		099EBD7E1CCEEC7400738310 /* Frameworks */ = {
			isa = PBXGroup;
			children = (
				099EBD7F1CCEEC9100738310 /* WebKit.framework */,
			);
			name = Frameworks;
			path = ABoynton_CE8;
			sourceTree = "<group>";
		};
/* End PBXGroup section */

/* Begin PBXNativeTarget section */
		099EBD551CCDCDB100738310 /* ABoynton_CE8 */ = {
			isa = PBXNativeTarget;
			buildConfigurationList = 099EBD681CCDCDB100738310 /* Build configuration list for PBXNativeTarget "ABoynton_CE8" */;
			buildPhases = (
				099EBD521CCDCDB100738310 /* Sources */,
				099EBD531CCDCDB100738310 /* Frameworks */,
				099EBD541CCDCDB100738310 /* Resources */,
			);
			buildRules = (
			);
			dependencies = (
			);
			name = ABoynton_CE8;
			productName = ABoynton_CE8;
			productReference = 099EBD561CCDCDB100738310 /* ABoynton_CE8.app */;
			productType = "com.apple.product-type.application";
		};
/* End PBXNativeTarget section */

/* Begin PBXProject section */
		099EBD4E1CCDCDB100738310 /* Project object */ = {
			isa = PBXProject;
			attributes = {
				LastSwiftUpdateCheck = 0730;
				LastUpgradeCheck = 0730;
				ORGANIZATIONNAME = "Full Sail";
				TargetAttributes = {
					099EBD551CCDCDB100738310 = {
						CreatedOnToolsVersion = 7.3;
						DevelopmentTeam = 979TTQWNS8;
					};
				};
			};
			buildConfigurationList = 099EBD511CCDCDB100738310 /* Build configuration list for PBXProject "ABoynton_CE8" */;
			compatibilityVersion = "Xcode 3.2";
			developmentRegion = English;
			hasScannedForEncodings = 0;
			knownRegions = (
				en,
				Base,
				ca,
				cs,
				da,
				de,
				es,
				fr,
				hu,
				it,
				ja,
				ko,
				mk,
				nb,
				nl,
				pl,
				pt,
				pt_BR,
				ru,
				sk,
				sr,
				sv,
				tr,
				zh_CN,
				zh_TW,
			);
			mainGroup = 099EBD4D1CCDCDB100738310;
			productRefGroup = 099EBD571CCDCDB100738310 /* Products */;
			projectDirPath = "";
			projectRoot = "";
			targets = (
				099EBD551CCDCDB100738310 /* ABoynton_CE8 */,
			);
		};
/* End PBXProject section */

/* Begin PBXResourcesBuildPhase section */
		099EBD541CCDCDB100738310 /* Resources */ = {
			isa = PBXResourcesBuildPhase;
			buildActionMask = 2147483647;
			files = (
				099EBD641CCDCDB100738310 /* LaunchScreen.storyboard in Resources */,
				099EBD611CCDCDB100738310 /* Assets.xcassets in Resources */,
				099EBD5F1CCDCDB100738310 /* Main.storyboard in Resources */,
			);
			runOnlyForDeploymentPostprocessing = 0;
		};
/* End PBXResourcesBuildPhase section */

/* Begin PBXSourcesBuildPhase section */
		099EBD521CCDCDB100738310 /* Sources */ = {
			isa = PBXSourcesBuildPhase;
			buildActionMask = 2147483647;
			files = (
				099EBD5C1CCDCDB100738310 /* ViewController.swift in Sources */,
				099EBD5A1CCDCDB100738310 /* AppDelegate.swift in Sources */,
				099EBD7B1CCE7B2500738310 /* SourceViewController.swift in Sources */,
			);
			runOnlyForDeploymentPostprocessing = 0;
		};
/* End PBXSourcesBuildPhase section */

/* Begin PBXVariantGroup section */
		099EBD5D1CCDCDB100738310 /* Main.storyboard */ = {
			isa = PBXVariantGroup;
			children = (
				099EBD5E1CCDCDB100738310 /* Base */,
			);
			name = Main.storyboard;
			sourceTree = "<group>";
		};
		099EBD621CCDCDB100738310 /* LaunchScreen.storyboard */ = {
			isa = PBXVariantGroup;
			children = (
				099EBD631CCDCDB100738310 /* Base */,
			);
			name = LaunchScreen.storyboard;
			sourceTree = "<group>";
		};
/* End PBXVariantGroup section */

/* Begin XCBuildConfiguration section */
		099EBD661CCDCDB100738310 /* Debug */ = {
			isa = XCBuildConfiguration;
			buildSettings = {
				ALWAYS_SEARCH_USER_PATHS = NO;
				CLANG_ANALYZER_NONNULL = YES;
				CLANG_CXX_LANGUAGE_STANDARD = "gnu++0x";
				CLANG_CXX_LIBRARY = "libc++";
				CLANG_ENABLE_MODULES = YES;
				CLANG_ENABLE_OBJC_ARC = YES;
				CLANG_WARN_BOOL_CONVERSION = YES;
				CLANG_WARN_CONSTANT_CONVERSION = YES;
				CLANG_WARN_DIRECT_OBJC_ISA_USAGE = YES_ERROR;
				CLANG_WARN_EMPTY_BODY = YES;
				CLANG_WARN_ENUM_CONVERSION = YES;
				CLANG_WARN_INT_CONVERSION = YES;
				CLANG_WARN_OBJC_ROOT_CLASS = YES_ERROR;
				CLANG_WARN_UNREACHABLE_CODE = YES;
				CLANG_WARN__DUPLICATE_METHOD_MATCH = YES;
				"CODE_SIGN_IDENTITY[sdk=iphoneos*]" = "iPhone Developer";
				COPY_PHASE_STRIP = NO;
				DEBUG_INFORMATION_FORMAT = dwarf;
				ENABLE_STRICT_OBJC_MSGSEND = YES;
				ENABLE_TESTABILITY = YES;
				GCC_C_LANGUAGE_STANDARD = gnu99;
				GCC_DYNAMIC_NO_PIC = NO;
				GCC_NO_COMMON_BLOCKS = YES;
				GCC_OPTIMIZATION_LEVEL = 0;
				GCC_PREPROCESSOR_DEFINITIONS = (
					"DEBUG=1",
					"$(inherited)",
				);
				GCC_WARN_64_TO_32_BIT_CONVERSION = YES;
				GCC_WARN_ABOUT_RETURN_TYPE = YES_ERROR;
				GCC_WARN_UNDECLARED_SELECTOR = YES;
				GCC_WARN_UNINITIALIZED_AUTOS = YES_AGGRESSIVE;
				GCC_WARN_UNUSED_FUNCTION = YES;
				GCC_WARN_UNUSED_VARIABLE = YES;
				IPHONEOS_DEPLOYMENT_TARGET = 9.3;
				MTL_ENABLE_DEBUG_INFO = YES;
				ONLY_ACTIVE_ARCH = YES;
				SDKROOT = iphoneos;
				SWIFT_OPTIMIZATION_LEVEL = "-Onone";
			};
			name = Debug;
		};
		099EBD671CCDCDB100738310 /* Release */ = {
			isa = XCBuildConfiguration;
			buildSettings = {
				ALWAYS_SEARCH_USER_PATHS = NO;
				CLANG_ANALYZER_NONNULL = YES;
				CLANG_CXX_LANGUAGE_STANDARD = "gnu++0x";
				CLANG_CXX_LIBRARY = "libc++";
				CLANG_ENABLE_MODULES = YES;
				CLANG_ENABLE_OBJC_ARC = YES;
				CLANG_WARN_BOOL_CONVERSION = YES;
				CLANG_WARN_CONSTANT_CONVERSION = YES;
				CLANG_WARN_DIRECT_OBJC_ISA_USAGE = YES_ERROR;
				CLANG_WARN_EMPTY_BODY = YES;
				CLANG_WARN_ENUM_CONVERSION = YES;
				CLANG_WARN_INT_CONVERSION = YES;
				CLANG_WARN_OBJC_ROOT_CLASS = YES_ERROR;
				CLANG_WARN_UNREACHABLE_CODE = YES;
				CLANG_WARN__DUPLICATE_METHOD_MATCH = YES;
				"CODE_SIGN_IDENTITY[sdk=iphoneos*]" = "iPhone Developer";
				COPY_PHASE_STRIP = NO;
				DEBUG_INFORMATION_FORMAT = "dwarf-with-dsym";
				ENABLE_NS_ASSERTIONS = NO;
				ENABLE_STRICT_OBJC_MSGSEND = YES;
				GCC_C_LANGUAGE_STANDARD = gnu99;
				GCC_NO_COMMON_BLOCKS = YES;
				GCC_WARN_64_TO_32_BIT_CONVERSION = YES;
				GCC_WARN_ABOUT_RETURN_TYPE = YES_ERROR;
				GCC_WARN_UNDECLARED_SELECTOR = YES;
				GCC_WARN_UNINITIALIZED_AUTOS = YES_AGGRESSIVE;
				GCC_WARN_UNUSED_FUNCTION = YES;
				GCC_WARN_UNUSED_VARIABLE = YES;
				IPHONEOS_DEPLOYMENT_TARGET = 9.3;
				MTL_ENABLE_DEBUG_INFO = NO;
				SDKROOT = iphoneos;
				VALIDATE_PRODUCT = YES;
			};
			name = Release;
		};
		099EBD691CCDCDB100738310 /* Debug */ = {
			isa = XCBuildConfiguration;
			buildSettings = {
				ASSETCATALOG_COMPILER_APPICON_NAME = AppIcon;
				INFOPLIST_FILE = ABoynton_CE8/Info.plist;
				LD_RUNPATH_SEARCH_PATHS = "$(inherited) @executable_path/Frameworks";
				PRODUCT_BUNDLE_IDENTIFIER = "edu.fullsail.ABoynton-CE8";
				PRODUCT_NAME = "$(TARGET_NAME)";
			};
			name = Debug;
		};
		099EBD6A1CCDCDB100738310 /* Release */ = {
			isa = XCBuildConfiguration;
			buildSettings = {
				ASSETCATALOG_COMPILER_APPICON_NAME = AppIcon;
				INFOPLIST_FILE = ABoynton_CE8/Info.plist;
				LD_RUNPATH_SEARCH_PATHS = "$(inherited) @executable_path/Frameworks";
				PRODUCT_BUNDLE_IDENTIFIER = "edu.fullsail.ABoynton-CE8";
				PRODUCT_NAME = "$(TARGET_NAME)";
			};
			name = Release;
		};
/* End XCBuildConfiguration section */

/* Begin XCConfigurationList section */
		099EBD511CCDCDB100738310 /* Build configuration list for PBXProject "ABoynton_CE8" */ = {
			isa = XCConfigurationList;
			buildConfigurations = (
				099EBD661CCDCDB100738310 /* Debug */,
				099EBD671CCDCDB100738310 /* Release */,
			);
			defaultConfigurationIsVisible = 0;
			defaultConfigurationName = Release;
		};
		099EBD681CCDCDB100738310 /* Build configuration list for PBXNativeTarget "ABoynton_CE8" */ = {
			isa = XCConfigurationList;
			buildConfigurations = (
				099EBD691CCDCDB100738310 /* Debug */,
				099EBD6A1CCDCDB100738310 /* Release */,
			);
			defaultConfigurationIsVisible = 0;
			defaultConfigurationName = Release;
		};
/* End XCConfigurationList section */
	};
	rootObject = 099EBD4E1CCDCDB100738310 /* Project object */;
}
